version = 1
revision = 1
requires-python = ">=3.12"

[[package]]
name = "annotated-types"
version = "0.7.0"
source = { registry = "https://pypi.org/simple" }
sdist = { url = "https://files.pythonhosted.org/packages/ee/67/531ea369ba64dcff5ec9c3402f9f51bf748cec26dde048a2f973a4eea7f5/annotated_types-0.7.0.tar.gz", hash = "sha256:aff07c09a53a08bc8cfccb9c85b05f1aa9a2a6f23728d790723543408344ce89", size = 16081 }
wheels = [
    { url = "https://files.pythonhosted.org/packages/78/b6/6307fbef88d9b5ee7421e68d78a9f162e0da4900bc5f5793f6d3d0e34fb8/annotated_types-0.7.0-py3-none-any.whl", hash = "sha256:1f02e8b43a8fbbc3f3e0d4f0f4bfc8131bcb4eebe8849b8e5c773f3a1c582a53", size = 13643 },
]

[[package]]
name = "anyio"
version = "4.9.0"
source = { registry = "https://pypi.org/simple" }
dependencies = [
    { name = "idna" },
    { name = "sniffio" },
    { name = "typing-extensions", marker = "python_full_version < '3.13'" },
]
sdist = { url = "https://files.pythonhosted.org/packages/95/7d/4c1bd541d4dffa1b52bd83fb8527089e097a106fc90b467a7313b105f840/anyio-4.9.0.tar.gz", hash = "sha256:673c0c244e15788651a4ff38710fea9675823028a6f08a5eda409e0c9840a028", size = 190949 }
wheels = [
    { url = "https://files.pythonhosted.org/packages/a1/ee/48ca1a7c89ffec8b6a0c5d02b89c305671d5ffd8d3c94acf8b8c408575bb/anyio-4.9.0-py3-none-any.whl", hash = "sha256:9f76d541cad6e36af7beb62e978876f3b41e3e04f2c1fbf0884604c0a9c4d93c", size = 100916 },
]

[[package]]
name = "arq"
version = "0.26.3"
source = { registry = "https://pypi.org/simple" }
dependencies = [
    { name = "click" },
    { name = "redis", extra = ["hiredis"] },
]
sdist = { url = "https://files.pythonhosted.org/packages/4f/65/5add7049297a449d1453e26a8d5924f0d5440b3876edc9e80d5dc621f16d/arq-0.26.3.tar.gz", hash = "sha256:362063ea3c726562fb69c723d5b8ee80827fdefda782a8547da5be3d380ac4b1", size = 291111 }
wheels = [
    { url = "https://files.pythonhosted.org/packages/85/b3/a24a183c628da633b7cafd1759b14aaf47958de82ba6bcae9f1c2898781d/arq-0.26.3-py3-none-any.whl", hash = "sha256:9f4b78149a58c9dc4b88454861a254b7c4e7a159f2c973c89b548288b77e9005", size = 25968 },
]

[[package]]
name = "babel"
version = "2.17.0"
source = { registry = "https://pypi.org/simple" }
sdist = { url = "https://files.pythonhosted.org/packages/7d/6b/d52e42361e1aa00709585ecc30b3f9684b3ab62530771402248b1b1d6240/babel-2.17.0.tar.gz", hash = "sha256:0c54cffb19f690cdcc52a3b50bcbf71e07a808d1c80d549f2459b9d2cf0afb9d", size = 9951852 }
wheels = [
    { url = "https://files.pythonhosted.org/packages/b7/b8/3fe70c75fe32afc4bb507f75563d39bc5642255d1d94f1f23604725780bf/babel-2.17.0-py3-none-any.whl", hash = "sha256:4d0b53093fdfb4b21c92b5213dba5a1b23885afa8383709427046b21c366e5f2", size = 10182537 },
]

[[package]]
name = "beanie"
version = "1.29.0"
source = { registry = "https://pypi.org/simple" }
dependencies = [
    { name = "click" },
    { name = "lazy-model" },
    { name = "motor" },
    { name = "pydantic" },
    { name = "toml" },
    { name = "typing-extensions" },
]
sdist = { url = "https://files.pythonhosted.org/packages/df/a1/e77d6957d17138c821ed3b7fb34a9271e33d9809eaf05c07a250cd443613/beanie-1.29.0.tar.gz", hash = "sha256:f078620c3515a8222d40a3a8ab195b1d8f1153010f009ed5d205b73371c43869", size = 174878 }
wheels = [
    { url = "https://files.pythonhosted.org/packages/04/28/f6038727827ed06659a57b3c70e6f4a339f57f92ce910f868ac928843a30/beanie-1.29.0-py3-none-any.whl", hash = "sha256:aeb53e6648ceccf70eb35c35233e45406fe4de4c9887075581c01b968bfec2c7", size = 86545 },
]

[[package]]
name = "click"
version = "8.1.8"
source = { registry = "https://pypi.org/simple" }
dependencies = [
    { name = "colorama", marker = "sys_platform == 'win32'" },
]
sdist = { url = "https://files.pythonhosted.org/packages/b9/2e/0090cbf739cee7d23781ad4b89a9894a41538e4fcf4c31dcdd705b78eb8b/click-8.1.8.tar.gz", hash = "sha256:ed53c9d8990d83c2a27deae68e4ee337473f6330c040a31d4225c9574d16096a", size = 226593 }
wheels = [
    { url = "https://files.pythonhosted.org/packages/7e/d4/7ebdbd03970677812aac39c869717059dbb71a4cfc033ca6e5221787892c/click-8.1.8-py3-none-any.whl", hash = "sha256:63c132bbbed01578a06712a2d1f497bb62d9c1c0d329b7903a866228027263b2", size = 98188 },
]

[[package]]
name = "colorama"
version = "0.4.6"
source = { registry = "https://pypi.org/simple" }
sdist = { url = "https://files.pythonhosted.org/packages/d8/53/6f443c9a4a8358a93a6792e2acffb9d9d5cb0a5cfd8802644b7b1c9a02e4/colorama-0.4.6.tar.gz", hash = "sha256:08695f5cb7ed6e0531a20572697297273c47b8cae5a63ffc6d6ed5c201be6e44", size = 27697 }
wheels = [
    { url = "https://files.pythonhosted.org/packages/d1/d6/3965ed04c63042e047cb6a3e6ed1a63a35087b6a609aa3a15ed8ac56c221/colorama-0.4.6-py2.py3-none-any.whl", hash = "sha256:4f1d9991f5acc0ca119f9d443620b77f9d6b33703e51011c16baf57afb285fc6", size = 25335 },
]

[[package]]
name = "dnspython"
version = "2.7.0"
source = { registry = "https://pypi.org/simple" }
sdist = { url = "https://files.pythonhosted.org/packages/b5/4a/263763cb2ba3816dd94b08ad3a33d5fdae34ecb856678773cc40a3605829/dnspython-2.7.0.tar.gz", hash = "sha256:ce9c432eda0dc91cf618a5cedf1a4e142651196bbcd2c80e89ed5a907e5cfaf1", size = 345197 }
wheels = [
    { url = "https://files.pythonhosted.org/packages/68/1b/e0a87d256e40e8c888847551b20a017a6b98139178505dc7ffb96f04e954/dnspython-2.7.0-py3-none-any.whl", hash = "sha256:b4c34b7d10b51bcc3a5071e7b8dee77939f1e878477eeecc965e9835f63c6c86", size = 313632 },
]

[[package]]
name = "dotenv"
version = "0.9.9"
source = { registry = "https://pypi.org/simple" }
dependencies = [
    { name = "python-dotenv" },
]
wheels = [
    { url = "https://files.pythonhosted.org/packages/b2/b7/545d2c10c1fc15e48653c91efde329a790f2eecfbbf2bd16003b5db2bab0/dotenv-0.9.9-py2.py3-none-any.whl", hash = "sha256:29cf74a087b31dafdb5a446b6d7e11cbce8ed2741540e2339c69fbef92c94ce9", size = 1892 },
]

[[package]]
name = "fastapi"
version = "0.115.12"
source = { registry = "https://pypi.org/simple" }
dependencies = [
    { name = "pydantic" },
    { name = "starlette" },
    { name = "typing-extensions" },
]
sdist = { url = "https://files.pythonhosted.org/packages/f4/55/ae499352d82338331ca1e28c7f4a63bfd09479b16395dce38cf50a39e2c2/fastapi-0.115.12.tar.gz", hash = "sha256:1e2c2a2646905f9e83d32f04a3f86aff4a286669c6c950ca95b5fd68c2602681", size = 295236 }
wheels = [
    { url = "https://files.pythonhosted.org/packages/50/b3/b51f09c2ba432a576fe63758bddc81f78f0c6309d9e5c10d194313bf021e/fastapi-0.115.12-py3-none-any.whl", hash = "sha256:e94613d6c05e27be7ffebdd6ea5f388112e5e430c8f7d6494a9d1d88d43e814d", size = 95164 },
]

[[package]]
name = "fastapi-template"
version = "0.1.0"
source = { virtual = "." }
dependencies = [
    { name = "arq" },
    { name = "babel" },
    { name = "beanie" },
    { name = "dotenv" },
    { name = "fastapi" },
    { name = "motor" },
    { name = "prometheus-client" },
    { name = "python-multipart" },
    { name = "pytz" },
    { name = "uvicorn" },
    { name = "watchdog" },
]

[package.metadata]
requires-dist = [
    { name = "arq", specifier = ">=0.26.3" },
    { name = "babel", specifier = ">=2.17.0" },
    { name = "beanie", specifier = ">=1.29.0" },
    { name = "dotenv", specifier = ">=0.9.9" },
    { name = "fastapi", specifier = ">=0.115.12" },
    { name = "motor", specifier = ">=3.7.0" },
    { name = "prometheus-client", specifier = ">=0.21.1" },
    { name = "python-multipart", specifier = ">=0.0.20" },
    { name = "pytz", specifier = ">=2025.2" },
    { name = "uvicorn", specifier = ">=0.34.0" },
    { name = "watchdog", specifier = ">=6.0.0" },
]

[[package]]
name = "h11"
version = "0.14.0"
source = { registry = "https://pypi.org/simple" }
sdist = { url = "https://files.pythonhosted.org/packages/f5/38/3af3d3633a34a3316095b39c8e8fb4853a28a536e55d347bd8d8e9a14b03/h11-0.14.0.tar.gz", hash = "sha256:8f19fbbe99e72420ff35c00b27a34cb9937e902a8b810e2c88300c6f0a3b699d", size = 100418 }
wheels = [
    { url = "https://files.pythonhosted.org/packages/95/04/ff642e65ad6b90db43e668d70ffb6736436c7ce41fcc549f4e9472234127/h11-0.14.0-py3-none-any.whl", hash = "sha256:e3fe4ac4b851c468cc8363d500db52c2ead036020723024a109d37346efaa761", size = 58259 },
]

[[package]]
name = "hiredis"
version = "3.1.0"
source = { registry = "https://pypi.org/simple" }
sdist = { url = "https://files.pythonhosted.org/packages/38/e5/789cfa8993ced0061a6ef7ea758302ef5cf3439629bf0d39c85a6ede4641/hiredis-3.1.0.tar.gz", hash = "sha256:51d40ac3611091020d7dea6b05ed62cb152bff595fa4f931e7b6479d777acf7c", size = 87616 }
wheels = [
    { url = "https://files.pythonhosted.org/packages/cc/64/9f9c1648853cd34e52b2af04c26cebb7f086cb4cd8ce056fecedd7664be9/hiredis-3.1.0-cp312-cp312-macosx_10_15_universal2.whl", hash = "sha256:f7c7f89e0bc4246115754e2eda078a111282f6d6ecc6fb458557b724fe6f2aac", size = 81304 },
    { url = "https://files.pythonhosted.org/packages/42/18/f70f8366c4abcbb830480d72968502192e422ebd60b7ca5f7739872e78cd/hiredis-3.1.0-cp312-cp312-macosx_10_15_x86_64.whl", hash = "sha256:3dbf9163296fa45fbddcfc4c5900f10e9ddadda37117dbfb641e327e536b53e0", size = 44551 },
    { url = "https://files.pythonhosted.org/packages/a8/a0/bf584a34a8b8e7194c3386700113cd7380a585c3e37b57b45bcf036a3305/hiredis-3.1.0-cp312-cp312-macosx_11_0_arm64.whl", hash = "sha256:af46a4be0e82df470f68f35316fa16cd1e134d1c5092fc1082e1aad64cce716d", size = 42471 },
    { url = "https://files.pythonhosted.org/packages/97/90/a709dad5fcfa6a3d0480709fd9e24d1e0ba70cbe4b853a1fe63cf7026207/hiredis-3.1.0-cp312-cp312-manylinux_2_17_aarch64.manylinux2014_aarch64.whl", hash = "sha256:bc63d698c43aea500a84d8b083f830c03808b6cf3933ae4d35a27f0a3d881652", size = 168205 },
    { url = "https://files.pythonhosted.org/packages/14/29/33f943cc874d4cc6269d472b2c8ebb7385008fbde192aa5108d617d99504/hiredis-3.1.0-cp312-cp312-manylinux_2_17_ppc64le.manylinux2014_ppc64le.whl", hash = "sha256:676b3d88674134bfaaf70dac181d1790b0f33b3187bfb9da9221e17e0e624f83", size = 179055 },
    { url = "https://files.pythonhosted.org/packages/2b/b2/a1315d474ec36c89e68ac8a3a258431b6f266af7bc4a31265a9527e494df/hiredis-3.1.0-cp312-cp312-manylinux_2_17_s390x.manylinux2014_s390x.whl", hash = "sha256:aed10d9df1e2fb0011db2713ac64497462e9c2c0208b648c97569da772b959ca", size = 168484 },
    { url = "https://files.pythonhosted.org/packages/a1/4f/14aca28a24463b92274464000691610eb41a9afab1e16a7a739be496f274/hiredis-3.1.0-cp312-cp312-manylinux_2_17_x86_64.manylinux2014_x86_64.whl", hash = "sha256:3b5bd8adfe8742e331a94cccd782bffea251fa70d9a709e71f4510f50794d700", size = 169050 },
    { url = "https://files.pythonhosted.org/packages/77/8d/e5aa6857a70c0e3ca423973ea27065fa3cf2567d25cc397b649a1d45043e/hiredis-3.1.0-cp312-cp312-manylinux_2_5_i686.manylinux1_i686.manylinux_2_17_i686.manylinux2014_i686.whl", hash = "sha256:9fc4e35b4afb0af6da55495dd0742ad32ab88150428a6ecdbb3085cbd60714e8", size = 164624 },
    { url = "https://files.pythonhosted.org/packages/62/5d/c167de0a8c841cb4ea0e25a8145bbdb7e33b5028eaf905cd0901381f0a83/hiredis-3.1.0-cp312-cp312-musllinux_1_2_aarch64.whl", hash = "sha256:89b83e76eb00ab0464e7b0752a3ffcb02626e742e9509bc141424a9c3202e8dc", size = 162461 },
    { url = "https://files.pythonhosted.org/packages/70/b8/fa7e9ae73237999a5c7eb9f59e6c2198ed65eca5cad948b85e2c82c12cc2/hiredis-3.1.0-cp312-cp312-musllinux_1_2_i686.whl", hash = "sha256:98ebf08c907836b70a8f40e030df8ab6f174dc7f6fa765251d813e89f14069d8", size = 161292 },
    { url = "https://files.pythonhosted.org/packages/04/af/6b6db2d29e2455e97cbf7e19bae0ef1a6e5b61c08d42377a3511ef9cc3bb/hiredis-3.1.0-cp312-cp312-musllinux_1_2_ppc64le.whl", hash = "sha256:6c840b9cec086328f2ee2cfee0038b5d6bbb514bac7b5e579da6e346eaac056c", size = 173465 },
    { url = "https://files.pythonhosted.org/packages/dc/50/c49d53832d71e1fdb1fe7c91a99b2d47043655cb0d535437264dccc19e2e/hiredis-3.1.0-cp312-cp312-musllinux_1_2_s390x.whl", hash = "sha256:c5c44e9fa6f4462d0330cb5f5d46fa652512fc86b41d4d1974d0356f263e9105", size = 165818 },
    { url = "https://files.pythonhosted.org/packages/5f/47/81992b4b27b59152abf7e279c4adba7a5a0e1d99ccbee674a82c6e65b9bf/hiredis-3.1.0-cp312-cp312-musllinux_1_2_x86_64.whl", hash = "sha256:e665b14ab50aa175cfa306fcb00fffd4e3ff02ceb36ca6a4df00b1246d6a73c4", size = 163871 },
    { url = "https://files.pythonhosted.org/packages/dd/f6/1ee81c373a2087557c6020bf201b4d27d6aec173c8414c3d06900e91d9bd/hiredis-3.1.0-cp312-cp312-win32.whl", hash = "sha256:bd33db977ac7af97e8d035ffadb163b00546be22e5f1297b2123f5f9bf0f8a21", size = 20206 },
    { url = "https://files.pythonhosted.org/packages/b7/67/46d5a8d44812c6293c8088d642e473b0dd9e12478ef539eb4a77df643450/hiredis-3.1.0-cp312-cp312-win_amd64.whl", hash = "sha256:37aed4aa9348600145e2d019c7be27855e503ecc4906c6976ff2f3b52e3d5d97", size = 21997 },
    { url = "https://files.pythonhosted.org/packages/7b/b0/0b4f96f537d259b818e4ee7657616eb6fabc0612eb4150d2253f84e33f8f/hiredis-3.1.0-cp313-cp313-macosx_10_15_universal2.whl", hash = "sha256:b87cddd8107487863fed6994de51e5594a0be267b0b19e213694e99cdd614623", size = 81311 },
    { url = "https://files.pythonhosted.org/packages/79/85/bd6cb6f7645a3803111a4f07fb2b55a23b836725bc8ec74ac7623fe8bef4/hiredis-3.1.0-cp313-cp313-macosx_10_15_x86_64.whl", hash = "sha256:d302deff8cb63a7feffc1844e4dafc8076e566bbf10c5aaaf0f4fe791b8a6bd0", size = 44550 },
    { url = "https://files.pythonhosted.org/packages/13/48/b53c5d10d3fd073a2046d096d9d415d61b3564f74b0499ec757ddaf7cddc/hiredis-3.1.0-cp313-cp313-macosx_11_0_arm64.whl", hash = "sha256:4a018340c073cf88cb635b2bedff96619df2f666018c655e7911f46fa2c1c178", size = 42471 },
    { url = "https://files.pythonhosted.org/packages/dd/a0/f9da8e920c1871edf703dfa05dd6781a3c53e5574cd2e4b38a438053a533/hiredis-3.1.0-cp313-cp313-manylinux_2_17_aarch64.manylinux2014_aarch64.whl", hash = "sha256:f1e8ba6414ac1ae536129e18c069f3eb497df5a74e136e3566471620a4fa5f95", size = 168219 },
    { url = "https://files.pythonhosted.org/packages/42/59/82a3625dc9fc77f43b38d272eef8c731e359e535a13b29b83ce220d47f5d/hiredis-3.1.0-cp313-cp313-manylinux_2_17_ppc64le.manylinux2014_ppc64le.whl", hash = "sha256:a86b9fef256c2beb162244791fdc025aa55f936d6358e86e2020e512fe2e4972", size = 179065 },
    { url = "https://files.pythonhosted.org/packages/b2/aa/66933e4101198f2e2ae379c091fb9a8131cd3dce7a1e6d8fa5ff51244239/hiredis-3.1.0-cp313-cp313-manylinux_2_17_s390x.manylinux2014_s390x.whl", hash = "sha256:7acdc68e29a446ad17aadaff19c981a36b3bd8c894c3520412c8a7ab1c3e0de7", size = 168508 },
    { url = "https://files.pythonhosted.org/packages/7a/da/e1475f4d51225cbc4b04e3be22ecb6da80a536b747aa4bb263af318d8555/hiredis-3.1.0-cp313-cp313-manylinux_2_17_x86_64.manylinux2014_x86_64.whl", hash = "sha256:c7e06baea05de57e1e7548064f505a6964e992674fe61b8f274afe2ac93b6371", size = 168989 },
    { url = "https://files.pythonhosted.org/packages/34/d7/52dd39b5abb81eb24726934c3b9138cc9a30231fb93da8a3e2f829e3598c/hiredis-3.1.0-cp313-cp313-manylinux_2_5_i686.manylinux1_i686.manylinux_2_17_i686.manylinux2014_i686.whl", hash = "sha256:35b5fc061c8a0dbfdb440053280504d6aaa8d9726bd4d1d0e1cfcbbdf0d60b73", size = 164488 },
    { url = "https://files.pythonhosted.org/packages/13/dd/aecfd9f24015b7e892304d6feb888db25b01492f05730f8f45155887de1f/hiredis-3.1.0-cp313-cp313-musllinux_1_2_aarch64.whl", hash = "sha256:c89d2dcb271d24c44f02264233b75d5db8c58831190fa92456a90b87fa17b748", size = 162476 },
    { url = "https://files.pythonhosted.org/packages/ff/77/4a5357b29e4c9f573439246d27cabad470ea4367a60a86f01c2a31c7c63f/hiredis-3.1.0-cp313-cp313-musllinux_1_2_i686.whl", hash = "sha256:aa36688c10a08f626fddcf68c2b1b91b0e90b070c26e550a4151a877f5c2d431", size = 161380 },
    { url = "https://files.pythonhosted.org/packages/aa/5e/b357511490626e9c39b3148612bda945f2cd0c8dcd149f36fd7b9512bff4/hiredis-3.1.0-cp313-cp313-musllinux_1_2_ppc64le.whl", hash = "sha256:f3982a9c16c1c4bc05a00b65d01ffb8d80ea1a7b6b533be2f1a769d3e989d2c0", size = 173505 },
    { url = "https://files.pythonhosted.org/packages/3e/82/50c015dcf04ea85a89c4603684da9d95c7850931b5320c02c6f3d7ddd78f/hiredis-3.1.0-cp313-cp313-musllinux_1_2_s390x.whl", hash = "sha256:d1a6f889514ee2452300c9a06862fceedef22a2891f1c421a27b1ba52ef130b2", size = 165928 },
    { url = "https://files.pythonhosted.org/packages/82/10/bd8f39423b0cb9624ccaf08d5e9c04f72dd46e9e9fc82e95cec42a42428d/hiredis-3.1.0-cp313-cp313-musllinux_1_2_x86_64.whl", hash = "sha256:8a45ff7915392a55d9386bb235ea1d1eb9960615f301979f02143fc20036b699", size = 163902 },
    { url = "https://files.pythonhosted.org/packages/0b/77/00b420ad567875e5a4b37a16f1a89fef1a22c6a9e1a12195c77bb5b101dd/hiredis-3.1.0-cp313-cp313-win32.whl", hash = "sha256:539e5bb725b62b76a5319a4e68fc7085f01349abc2316ef3df608ea0883c51d2", size = 20211 },
    { url = "https://files.pythonhosted.org/packages/cc/04/eaa88433249ddfc282018d3da4198d0b0018e48768e137bfad304aacb1ec/hiredis-3.1.0-cp313-cp313-win_amd64.whl", hash = "sha256:9020fd7e58f489fda6a928c31355add0e665fd6b87b21954e675cf9943eafa32", size = 22004 },
]

[[package]]
name = "idna"
version = "3.10"
source = { registry = "https://pypi.org/simple" }
sdist = { url = "https://files.pythonhosted.org/packages/f1/70/7703c29685631f5a7590aa73f1f1d3fa9a380e654b86af429e0934a32f7d/idna-3.10.tar.gz", hash = "sha256:12f65c9b470abda6dc35cf8e63cc574b1c52b11df2c86030af0ac09b01b13ea9", size = 190490 }
wheels = [
    { url = "https://files.pythonhosted.org/packages/76/c6/c88e154df9c4e1a2a66ccf0005a88dfb2650c1dffb6f5ce603dfbd452ce3/idna-3.10-py3-none-any.whl", hash = "sha256:946d195a0d259cbba61165e88e65941f16e9b36ea6ddb97f00452bae8b1287d3", size = 70442 },
]

[[package]]
name = "lazy-model"
version = "0.2.0"
source = { registry = "https://pypi.org/simple" }
dependencies = [
    { name = "pydantic" },
]
sdist = { url = "https://files.pythonhosted.org/packages/47/9e/c60681be72f03845c209a86d5ce0404540c8d1818fc29bc64fc95220de5c/lazy-model-0.2.0.tar.gz", hash = "sha256:57c0e91e171530c4fca7aebc3ac05a163a85cddd941bf7527cc46c0ddafca47c", size = 8152 }
wheels = [
    { url = "https://files.pythonhosted.org/packages/0a/13/e37962a20f7051b2d6d286c3feb85754f9ea8c4cac302927971e910cc9f6/lazy_model-0.2.0-py3-none-any.whl", hash = "sha256:5a3241775c253e36d9069d236be8378288a93d4fc53805211fd152e04cc9c342", size = 13719 },
]

[[package]]
name = "motor"
version = "3.7.0"
source = { registry = "https://pypi.org/simple" }
dependencies = [
    { name = "pymongo" },
]
sdist = { url = "https://files.pythonhosted.org/packages/2b/c0/b94558a88fb8406b092bb180c6fa5fb3068f8ec2c7e84dd2b0625f4f4f6e/motor-3.7.0.tar.gz", hash = "sha256:0dfa1f12c812bd90819c519b78bed626b5a9dbb29bba079ccff2bfa8627e0fec", size = 279745 }
wheels = [
    { url = "https://files.pythonhosted.org/packages/ab/a6/e915e3225cc431c7ff07fd3e5ae138f6eb1c3ef4f8e8356cab1ea5dc1ed5/motor-3.7.0-py3-none-any.whl", hash = "sha256:61bdf1afded179f008d423f98066348157686f25a90776ea155db5f47f57d605", size = 74811 },
]

[[package]]
name = "prometheus-client"
version = "0.21.1"
source = { registry = "https://pypi.org/simple" }
sdist = { url = "https://files.pythonhosted.org/packages/62/14/7d0f567991f3a9af8d1cd4f619040c93b68f09a02b6d0b6ab1b2d1ded5fe/prometheus_client-0.21.1.tar.gz", hash = "sha256:252505a722ac04b0456be05c05f75f45d760c2911ffc45f2a06bcaed9f3ae3fb", size = 78551 }
wheels = [
    { url = "https://files.pythonhosted.org/packages/ff/c2/ab7d37426c179ceb9aeb109a85cda8948bb269b7561a0be870cc656eefe4/prometheus_client-0.21.1-py3-none-any.whl", hash = "sha256:594b45c410d6f4f8888940fe80b5cc2521b305a1fafe1c58609ef715a001f301", size = 54682 },
]

[[package]]
name = "pydantic"
version = "2.11.1"
source = { registry = "https://pypi.org/simple" }
dependencies = [
    { name = "annotated-types" },
    { name = "pydantic-core" },
    { name = "typing-extensions" },
    { name = "typing-inspection" },
]
sdist = { url = "https://files.pythonhosted.org/packages/93/a3/698b87a4d4d303d7c5f62ea5fbf7a79cab236ccfbd0a17847b7f77f8163e/pydantic-2.11.1.tar.gz", hash = "sha256:442557d2910e75c991c39f4b4ab18963d57b9b55122c8b2a9cd176d8c29ce968", size = 782817 }
wheels = [
    { url = "https://files.pythonhosted.org/packages/cc/12/f9221a949f2419e2e23847303c002476c26fbcfd62dc7f3d25d0bec5ca99/pydantic-2.11.1-py3-none-any.whl", hash = "sha256:5b6c415eee9f8123a14d859be0c84363fec6b1feb6b688d6435801230b56e0b8", size = 442648 },
]

[[package]]
name = "pydantic-core"
version = "2.33.0"
source = { registry = "https://pypi.org/simple" }
dependencies = [
    { name = "typing-extensions" },
]
sdist = { url = "https://files.pythonhosted.org/packages/b9/05/91ce14dfd5a3a99555fce436318cc0fd1f08c4daa32b3248ad63669ea8b4/pydantic_core-2.33.0.tar.gz", hash = "sha256:40eb8af662ba409c3cbf4a8150ad32ae73514cd7cb1f1a2113af39763dd616b3", size = 434080 }
wheels = [
    { url = "https://files.pythonhosted.org/packages/a9/c4/c9381323cbdc1bb26d352bc184422ce77c4bc2f2312b782761093a59fafc/pydantic_core-2.33.0-cp312-cp312-macosx_10_12_x86_64.whl", hash = "sha256:6c32a40712e3662bebe524abe8abb757f2fa2000028d64cc5a1006016c06af43", size = 2025127 },
    { url = "https://files.pythonhosted.org/packages/6f/bd/af35278080716ecab8f57e84515c7dc535ed95d1c7f52c1c6f7b313a9dab/pydantic_core-2.33.0-cp312-cp312-macosx_11_0_arm64.whl", hash = "sha256:8ec86b5baa36f0a0bfb37db86c7d52652f8e8aa076ab745ef7725784183c3fdd", size = 1851687 },
    { url = "https://files.pythonhosted.org/packages/12/e4/a01461225809c3533c23bd1916b1e8c2e21727f0fea60ab1acbffc4e2fca/pydantic_core-2.33.0-cp312-cp312-manylinux_2_17_aarch64.manylinux2014_aarch64.whl", hash = "sha256:4deac83a8cc1d09e40683be0bc6d1fa4cde8df0a9bf0cda5693f9b0569ac01b6", size = 1892232 },
    { url = "https://files.pythonhosted.org/packages/51/17/3d53d62a328fb0a49911c2962036b9e7a4f781b7d15e9093c26299e5f76d/pydantic_core-2.33.0-cp312-cp312-manylinux_2_17_armv7l.manylinux2014_armv7l.whl", hash = "sha256:175ab598fb457a9aee63206a1993874badf3ed9a456e0654273e56f00747bbd6", size = 1977896 },
    { url = "https://files.pythonhosted.org/packages/30/98/01f9d86e02ec4a38f4b02086acf067f2c776b845d43f901bd1ee1c21bc4b/pydantic_core-2.33.0-cp312-cp312-manylinux_2_17_ppc64le.manylinux2014_ppc64le.whl", hash = "sha256:5f36afd0d56a6c42cf4e8465b6441cf546ed69d3a4ec92724cc9c8c61bd6ecf4", size = 2127717 },
    { url = "https://files.pythonhosted.org/packages/3c/43/6f381575c61b7c58b0fd0b92134c5a1897deea4cdfc3d47567b3ff460a4e/pydantic_core-2.33.0-cp312-cp312-manylinux_2_17_s390x.manylinux2014_s390x.whl", hash = "sha256:0a98257451164666afafc7cbf5fb00d613e33f7e7ebb322fbcd99345695a9a61", size = 2680287 },
    { url = "https://files.pythonhosted.org/packages/01/42/c0d10d1451d161a9a0da9bbef023b8005aa26e9993a8cc24dc9e3aa96c93/pydantic_core-2.33.0-cp312-cp312-manylinux_2_17_x86_64.manylinux2014_x86_64.whl", hash = "sha256:ecc6d02d69b54a2eb83ebcc6f29df04957f734bcf309d346b4f83354d8376862", size = 2008276 },
    { url = "https://files.pythonhosted.org/packages/20/ca/e08df9dba546905c70bae44ced9f3bea25432e34448d95618d41968f40b7/pydantic_core-2.33.0-cp312-cp312-manylinux_2_5_i686.manylinux1_i686.whl", hash = "sha256:1a69b7596c6603afd049ce7f3835bcf57dd3892fc7279f0ddf987bebed8caa5a", size = 2115305 },
    { url = "https://files.pythonhosted.org/packages/03/1f/9b01d990730a98833113581a78e595fd40ed4c20f9693f5a658fb5f91eff/pydantic_core-2.33.0-cp312-cp312-musllinux_1_1_aarch64.whl", hash = "sha256:ea30239c148b6ef41364c6f51d103c2988965b643d62e10b233b5efdca8c0099", size = 2068999 },
    { url = "https://files.pythonhosted.org/packages/20/18/fe752476a709191148e8b1e1139147841ea5d2b22adcde6ee6abb6c8e7cf/pydantic_core-2.33.0-cp312-cp312-musllinux_1_1_armv7l.whl", hash = "sha256:abfa44cf2f7f7d7a199be6c6ec141c9024063205545aa09304349781b9a125e6", size = 2241488 },
    { url = "https://files.pythonhosted.org/packages/81/22/14738ad0a0bf484b928c9e52004f5e0b81dd8dabbdf23b843717b37a71d1/pydantic_core-2.33.0-cp312-cp312-musllinux_1_1_x86_64.whl", hash = "sha256:20d4275f3c4659d92048c70797e5fdc396c6e4446caf517ba5cad2db60cd39d3", size = 2248430 },
    { url = "https://files.pythonhosted.org/packages/e8/27/be7571e215ac8d321712f2433c445b03dbcd645366a18f67b334df8912bc/pydantic_core-2.33.0-cp312-cp312-win32.whl", hash = "sha256:918f2013d7eadea1d88d1a35fd4a1e16aaf90343eb446f91cb091ce7f9b431a2", size = 1908353 },
    { url = "https://files.pythonhosted.org/packages/be/3a/be78f28732f93128bd0e3944bdd4b3970b389a1fbd44907c97291c8dcdec/pydantic_core-2.33.0-cp312-cp312-win_amd64.whl", hash = "sha256:aec79acc183865bad120b0190afac467c20b15289050648b876b07777e67ea48", size = 1955956 },
    { url = "https://files.pythonhosted.org/packages/21/26/b8911ac74faa994694b76ee6a22875cc7a4abea3c381fdba4edc6c6bef84/pydantic_core-2.33.0-cp312-cp312-win_arm64.whl", hash = "sha256:5461934e895968655225dfa8b3be79e7e927e95d4bd6c2d40edd2fa7052e71b6", size = 1903259 },
    { url = "https://files.pythonhosted.org/packages/79/20/de2ad03ce8f5b3accf2196ea9b44f31b0cd16ac6e8cfc6b21976ed45ec35/pydantic_core-2.33.0-cp313-cp313-macosx_10_12_x86_64.whl", hash = "sha256:f00e8b59e1fc8f09d05594aa7d2b726f1b277ca6155fc84c0396db1b373c4555", size = 2032214 },
    { url = "https://files.pythonhosted.org/packages/f9/af/6817dfda9aac4958d8b516cbb94af507eb171c997ea66453d4d162ae8948/pydantic_core-2.33.0-cp313-cp313-macosx_11_0_arm64.whl", hash = "sha256:1a73be93ecef45786d7d95b0c5e9b294faf35629d03d5b145b09b81258c7cd6d", size = 1852338 },
    { url = "https://files.pythonhosted.org/packages/44/f3/49193a312d9c49314f2b953fb55740b7c530710977cabe7183b8ef111b7f/pydantic_core-2.33.0-cp313-cp313-manylinux_2_17_aarch64.manylinux2014_aarch64.whl", hash = "sha256:ff48a55be9da6930254565ff5238d71d5e9cd8c5487a191cb85df3bdb8c77365", size = 1896913 },
    { url = "https://files.pythonhosted.org/packages/06/e0/c746677825b2e29a2fa02122a8991c83cdd5b4c5f638f0664d4e35edd4b2/pydantic_core-2.33.0-cp313-cp313-manylinux_2_17_armv7l.manylinux2014_armv7l.whl", hash = "sha256:26a4ea04195638dcd8c53dadb545d70badba51735b1594810e9768c2c0b4a5da", size = 1986046 },
    { url = "https://files.pythonhosted.org/packages/11/ec/44914e7ff78cef16afb5e5273d480c136725acd73d894affdbe2a1bbaad5/pydantic_core-2.33.0-cp313-cp313-manylinux_2_17_ppc64le.manylinux2014_ppc64le.whl", hash = "sha256:41d698dcbe12b60661f0632b543dbb119e6ba088103b364ff65e951610cb7ce0", size = 2128097 },
    { url = "https://files.pythonhosted.org/packages/fe/f5/c6247d424d01f605ed2e3802f338691cae17137cee6484dce9f1ac0b872b/pydantic_core-2.33.0-cp313-cp313-manylinux_2_17_s390x.manylinux2014_s390x.whl", hash = "sha256:ae62032ef513fe6281ef0009e30838a01057b832dc265da32c10469622613885", size = 2681062 },
    { url = "https://files.pythonhosted.org/packages/f0/85/114a2113b126fdd7cf9a9443b1b1fe1b572e5bd259d50ba9d5d3e1927fa9/pydantic_core-2.33.0-cp313-cp313-manylinux_2_17_x86_64.manylinux2014_x86_64.whl", hash = "sha256:f225f3a3995dbbc26affc191d0443c6c4aa71b83358fd4c2b7d63e2f6f0336f9", size = 2007487 },
    { url = "https://files.pythonhosted.org/packages/e6/40/3c05ed28d225c7a9acd2b34c5c8010c279683a870219b97e9f164a5a8af0/pydantic_core-2.33.0-cp313-cp313-manylinux_2_5_i686.manylinux1_i686.whl", hash = "sha256:5bdd36b362f419c78d09630cbaebc64913f66f62bda6d42d5fbb08da8cc4f181", size = 2121382 },
    { url = "https://files.pythonhosted.org/packages/8a/22/e70c086f41eebd323e6baa92cc906c3f38ddce7486007eb2bdb3b11c8f64/pydantic_core-2.33.0-cp313-cp313-musllinux_1_1_aarch64.whl", hash = "sha256:2a0147c0bef783fd9abc9f016d66edb6cac466dc54a17ec5f5ada08ff65caf5d", size = 2072473 },
    { url = "https://files.pythonhosted.org/packages/3e/84/d1614dedd8fe5114f6a0e348bcd1535f97d76c038d6102f271433cd1361d/pydantic_core-2.33.0-cp313-cp313-musllinux_1_1_armv7l.whl", hash = "sha256:c860773a0f205926172c6644c394e02c25421dc9a456deff16f64c0e299487d3", size = 2249468 },
    { url = "https://files.pythonhosted.org/packages/b0/c0/787061eef44135e00fddb4b56b387a06c303bfd3884a6df9bea5cb730230/pydantic_core-2.33.0-cp313-cp313-musllinux_1_1_x86_64.whl", hash = "sha256:138d31e3f90087f42aa6286fb640f3c7a8eb7bdae829418265e7e7474bd2574b", size = 2254716 },
    { url = "https://files.pythonhosted.org/packages/ae/e2/27262eb04963201e89f9c280f1e10c493a7a37bc877e023f31aa72d2f911/pydantic_core-2.33.0-cp313-cp313-win32.whl", hash = "sha256:d20cbb9d3e95114325780f3cfe990f3ecae24de7a2d75f978783878cce2ad585", size = 1916450 },
    { url = "https://files.pythonhosted.org/packages/13/8d/25ff96f1e89b19e0b70b3cd607c9ea7ca27e1dcb810a9cd4255ed6abf869/pydantic_core-2.33.0-cp313-cp313-win_amd64.whl", hash = "sha256:ca1103d70306489e3d006b0f79db8ca5dd3c977f6f13b2c59ff745249431a606", size = 1956092 },
    { url = "https://files.pythonhosted.org/packages/1b/64/66a2efeff657b04323ffcd7b898cb0354d36dae3a561049e092134a83e9c/pydantic_core-2.33.0-cp313-cp313-win_arm64.whl", hash = "sha256:6291797cad239285275558e0a27872da735b05c75d5237bbade8736f80e4c225", size = 1908367 },
    { url = "https://files.pythonhosted.org/packages/52/54/295e38769133363d7ec4a5863a4d579f331728c71a6644ff1024ee529315/pydantic_core-2.33.0-cp313-cp313t-macosx_11_0_arm64.whl", hash = "sha256:7b79af799630af263eca9ec87db519426d8c9b3be35016eddad1832bac812d87", size = 1813331 },
    { url = "https://files.pythonhosted.org/packages/4c/9c/0c8ea02db8d682aa1ef48938abae833c1d69bdfa6e5ec13b21734b01ae70/pydantic_core-2.33.0-cp313-cp313t-manylinux_2_17_x86_64.manylinux2014_x86_64.whl", hash = "sha256:eabf946a4739b5237f4f56d77fa6668263bc466d06a8036c055587c130a46f7b", size = 1986653 },
    { url = "https://files.pythonhosted.org/packages/8e/4f/3fb47d6cbc08c7e00f92300e64ba655428c05c56b8ab6723bd290bae6458/pydantic_core-2.33.0-cp313-cp313t-win_amd64.whl", hash = "sha256:8a1d581e8cdbb857b0e0e81df98603376c1a5c34dc5e54039dcc00f043df81e7", size = 1931234 },
]

[[package]]
name = "pymongo"
version = "4.11.3"
source = { registry = "https://pypi.org/simple" }
dependencies = [
    { name = "dnspython" },
]
sdist = { url = "https://files.pythonhosted.org/packages/db/e6/cdb1105c14a86aa2b1663a6cccc6bf54722bb12fb5d479979628142dde42/pymongo-4.11.3.tar.gz", hash = "sha256:b6f24aec7c0cfcf0ea9f89e92b7d40ba18a1e18c134815758f111ecb0122e61c", size = 2054848 }
wheels = [
    { url = "https://files.pythonhosted.org/packages/6d/cf/c606c9d889d8f34dcf80455e045854ef2fa187c439b22a6d30357790c12a/pymongo-4.11.3-cp312-cp312-macosx_10_13_x86_64.whl", hash = "sha256:5f48b7faf4064e5f484989608a59503b11b7f134ca344635e416b1b12e7dc255", size = 895374 },
    { url = "https://files.pythonhosted.org/packages/c6/f5/287e84ba6c8e34cb13f798e7e859b4dcbc5fab99261f91202a8027f62ba6/pymongo-4.11.3-cp312-cp312-macosx_11_0_arm64.whl", hash = "sha256:722f22bf18d208aa752591bde93e018065641711594e7a2fef0432da429264e8", size = 895063 },
    { url = "https://files.pythonhosted.org/packages/0e/ba/fe8964ec3f8d7348e9cd6a11864e1e84b2be62ea98ca0ba01a4f5b4d417d/pymongo-4.11.3-cp312-cp312-manylinux_2_17_aarch64.manylinux2014_aarch64.whl", hash = "sha256:5be1b35c4897626327c4e8bae14655807c2bc710504fa790bc19a72403142264", size = 1673722 },
    { url = "https://files.pythonhosted.org/packages/92/89/925b7160c517b66c80d05b36f63d4cc0d0ff23f01b5150b55936b5fab097/pymongo-4.11.3-cp312-cp312-manylinux_2_17_ppc64le.manylinux2014_ppc64le.whl", hash = "sha256:14f9e4d2172545798738d27bc6293b972c4f1f98cce248aa56e1e62c4c258ca7", size = 1737946 },
    { url = "https://files.pythonhosted.org/packages/f8/97/bcedba78ddbc1b8837bf556da55eb08a055e93b331722ecd1dad602a3427/pymongo-4.11.3-cp312-cp312-manylinux_2_17_s390x.manylinux2014_s390x.whl", hash = "sha256:cd3f7bafe441135f58d2b91a312714f423e15fed5afe3854880c8c61ad78d3ce", size = 1706981 },
    { url = "https://files.pythonhosted.org/packages/d7/ce/63719be395ec29b8f71fd267014af4957736b5297a1f51f76ef32d05a0cf/pymongo-4.11.3-cp312-cp312-manylinux_2_17_x86_64.manylinux2014_x86_64.whl", hash = "sha256:73de1b9f416a2662ba95b4b49edc963d47b93760a7e2b561b932c8099d160151", size = 1676948 },
    { url = "https://files.pythonhosted.org/packages/c1/36/de366cee39e6c2e64d824d1f2e5672381ec766c51224304d1aebf7db3507/pymongo-4.11.3-cp312-cp312-manylinux_2_5_i686.manylinux1_i686.manylinux_2_17_i686.manylinux2014_i686.whl", hash = "sha256:e24268e2d7ae96eab12161985b39e75a75185393134fc671f4bb1a16f50bf6f4", size = 1636072 },
    { url = "https://files.pythonhosted.org/packages/07/48/34751291a152e8098b4cf6f467046f00edd71b695d5cf6be1b15778cda63/pymongo-4.11.3-cp312-cp312-win32.whl", hash = "sha256:33a936d3c1828e4f52bed3dad6191a3618cc28ab056e2770390aec88d9e9f9ea", size = 864025 },
    { url = "https://files.pythonhosted.org/packages/96/8a/604fab1e1f45deb0dc19e06053369e7db44e3d1359a39e0fe376bdb95b41/pymongo-4.11.3-cp312-cp312-win_amd64.whl", hash = "sha256:c4673d8ef0c8ef712491a750adf64f7998202a82abd72be5be749749275b3edb", size = 882290 },
    { url = "https://files.pythonhosted.org/packages/01/f1/19f8a81ca1ef180983b89e24f8003863612aea358a06d7685566ccc18a87/pymongo-4.11.3-cp313-cp313-macosx_10_13_x86_64.whl", hash = "sha256:5e53b98c9700bb69f33a322b648d028bfe223ad135fb04ec48c0226998b80d0e", size = 949622 },
    { url = "https://files.pythonhosted.org/packages/67/9a/ae232aa9379a9e6cf325facf0f65176d70520d6a16807f4de2e1ccfb76ec/pymongo-4.11.3-cp313-cp313-macosx_11_0_arm64.whl", hash = "sha256:8464aff011208cf86eae28f4a3624ebc4a40783634e119b2b35852252b901ef3", size = 949299 },
    { url = "https://files.pythonhosted.org/packages/70/6d/1ddef8b6c6d598fe21c917d93c49a6304611a252a07e98a9b7e70e1b995b/pymongo-4.11.3-cp313-cp313-manylinux_2_17_aarch64.manylinux2014_aarch64.whl", hash = "sha256:3742ffc1951bec1450a5a6a02cfd40ddd4b1c9416b36c70ae439a532e8be0e05", size = 1937616 },
    { url = "https://files.pythonhosted.org/packages/13/9c/e735715789a876140f453def1b2015948708d224f1728f9b8412b6e495d2/pymongo-4.11.3-cp313-cp313-manylinux_2_17_ppc64le.manylinux2014_ppc64le.whl", hash = "sha256:a29294b508975a5dfd384f4b902cd121dc2b6e5d55ea2be2debffd2a63461cd9", size = 2015041 },
    { url = "https://files.pythonhosted.org/packages/fc/d3/cf41e9ce81644de9d8db54cc039823863e7240e021466ae093edc061683a/pymongo-4.11.3-cp313-cp313-manylinux_2_17_s390x.manylinux2014_s390x.whl", hash = "sha256:051c741586ab6efafe72e027504ac4e5f01c88eceec579e4e1a438a369a61b0c", size = 1978716 },
    { url = "https://files.pythonhosted.org/packages/be/c8/c3f15c6cc5a9e0a75d18ae86209584cb14fdca017197def9741bff19c151/pymongo-4.11.3-cp313-cp313-manylinux_2_17_x86_64.manylinux2014_x86_64.whl", hash = "sha256:4b05e03a327cdef28ec2bb72c974d412d308f5cf867a472ef17f9ac95d18ec05", size = 1939524 },
    { url = "https://files.pythonhosted.org/packages/1b/0d/613cd91c736325d05d2d5d389d06ed899bcdce5a265cb486b948729bf1eb/pymongo-4.11.3-cp313-cp313-manylinux_2_5_i686.manylinux1_i686.manylinux_2_17_i686.manylinux2014_i686.whl", hash = "sha256:dafeddf1db51df19effd0828ae75492b15d60c7faec388da08f1fe9593c88e7a", size = 1888960 },
    { url = "https://files.pythonhosted.org/packages/e7/eb/b1e9cf2e03a47c4f35ffc5db1cb0ed0f92c5fe58c6f5f04d5a2da9d6bb77/pymongo-4.11.3-cp313-cp313-win32.whl", hash = "sha256:40c55afb34788ae6a6b8c175421fa46a37cfc45de41fe4669d762c3b1bbda48e", size = 910370 },
    { url = "https://files.pythonhosted.org/packages/77/f3/023f12ee9028f341880016fd6251255bf755f70730440ad11bf745f5f9e4/pymongo-4.11.3-cp313-cp313-win_amd64.whl", hash = "sha256:a5b8b7ba9614a081d1f932724b7a6a20847f6c9629420ae81ce827db3b599af2", size = 932930 },
    { url = "https://files.pythonhosted.org/packages/d3/c7/0a145cc66fc756cea547b948150583357e5518cfa60b3ad0d3266d3ee168/pymongo-4.11.3-cp313-cp313t-macosx_10_13_x86_64.whl", hash = "sha256:0f23f849693e829655f667ea18b87bf34e1395237eb45084f3495317d455beb2", size = 1006138 },
    { url = "https://files.pythonhosted.org/packages/81/88/4ed3cd03d2f7835393a72ed87f5e9186f6fc54bcb0e9b7f718424c0b5db8/pymongo-4.11.3-cp313-cp313t-macosx_11_0_arm64.whl", hash = "sha256:62bcfa88deb4a6152a7c93bedd1a808497f6c2881424ca54c3c81964a51c5040", size = 1006125 },
    { url = "https://files.pythonhosted.org/packages/91/a9/d86844a9aff958c959e84b8223b9d226c3b39a71f2f2fbf2aa3a4a748212/pymongo-4.11.3-cp313-cp313t-manylinux_2_17_aarch64.manylinux2014_aarch64.whl", hash = "sha256:2eaa0233858f72074bf0319f5034018092b43f19202bd7ecb822980c35bfd623", size = 2266315 },
    { url = "https://files.pythonhosted.org/packages/1d/06/fff82b09382a887dab6207bb23778395c5986a5ddab6f55905ebdd82e10c/pymongo-4.11.3-cp313-cp313t-manylinux_2_17_ppc64le.manylinux2014_ppc64le.whl", hash = "sha256:0a434e081017be360595237cd1aeac3d047dd38e8785c549be80748608c1d4ca", size = 2353538 },
    { url = "https://files.pythonhosted.org/packages/5d/f7/ff5399baee5888eb686c1508d28b4e9d82b9da5ca63215f958356dee4016/pymongo-4.11.3-cp313-cp313t-manylinux_2_17_s390x.manylinux2014_s390x.whl", hash = "sha256:3e8aa65a9e4a989245198c249816d86cb240221861b748db92b8b3a5356bd6f1", size = 2312410 },
    { url = "https://files.pythonhosted.org/packages/b0/4d/1746ee984b229eddf5f768265b553a90b31b2395fb5ae1d30d28e430a862/pymongo-4.11.3-cp313-cp313t-manylinux_2_17_x86_64.manylinux2014_x86_64.whl", hash = "sha256:d0a91004029d1fc9e66a800e6da4170afaa9b93bcf41299e4b5951b837b3467a", size = 2263706 },
    { url = "https://files.pythonhosted.org/packages/1c/dc/5d4154c5baf62af9ffb9391cf41848a87cda97798f92e4336730690be7d5/pymongo-4.11.3-cp313-cp313t-manylinux_2_5_i686.manylinux1_i686.manylinux_2_17_i686.manylinux2014_i686.whl", hash = "sha256:1b992904ac78cb712b42c4b7348974ba1739137c1692cdf8bf75c3eeb22881a4", size = 2202724 },
    { url = "https://files.pythonhosted.org/packages/72/15/c18fcc456fdcb793714776da273fc4cba4579f21818f2219e23ff9512314/pymongo-4.11.3-cp313-cp313t-win32.whl", hash = "sha256:45e18bda802d95a2aed88e487f06becc3bd0b22286a25aeca8c46b8c64980dbb", size = 959256 },
    { url = "https://files.pythonhosted.org/packages/7d/64/11d87df61cdca4fef90388af592247e17f3d31b15a909780f186d2739592/pymongo-4.11.3-cp313-cp313t-win_amd64.whl", hash = "sha256:07d40b831590bc458b624f421849c2b09ad2b9110b956f658b583fe01fe01c01", size = 987855 },
]

[[package]]
name = "python-dotenv"
version = "1.1.0"
source = { registry = "https://pypi.org/simple" }
sdist = { url = "https://files.pythonhosted.org/packages/88/2c/7bb1416c5620485aa793f2de31d3df393d3686aa8a8506d11e10e13c5baf/python_dotenv-1.1.0.tar.gz", hash = "sha256:41f90bc6f5f177fb41f53e87666db362025010eb28f60a01c9143bfa33a2b2d5", size = 39920 }
wheels = [
    { url = "https://files.pythonhosted.org/packages/1e/18/98a99ad95133c6a6e2005fe89faedf294a748bd5dc803008059409ac9b1e/python_dotenv-1.1.0-py3-none-any.whl", hash = "sha256:d7c01d9e2293916c18baf562d95698754b0dbbb5e74d457c45d4f6561fb9d55d", size = 20256 },
]

[[package]]
name = "python-multipart"
version = "0.0.20"
source = { registry = "https://pypi.org/simple" }
sdist = { url = "https://files.pythonhosted.org/packages/f3/87/f44d7c9f274c7ee665a29b885ec97089ec5dc034c7f3fafa03da9e39a09e/python_multipart-0.0.20.tar.gz", hash = "sha256:8dd0cab45b8e23064ae09147625994d090fa46f5b0d1e13af944c331a7fa9d13", size = 37158 }
wheels = [
    { url = "https://files.pythonhosted.org/packages/45/58/38b5afbc1a800eeea951b9285d3912613f2603bdf897a4ab0f4bd7f405fc/python_multipart-0.0.20-py3-none-any.whl", hash = "sha256:8a62d3a8335e06589fe01f2a3e178cdcc632f3fbe0d492ad9ee0ec35aab1f104", size = 24546 },
]

[[package]]
name = "pytz"
version = "2025.2"
source = { registry = "https://pypi.org/simple" }
sdist = { url = "https://files.pythonhosted.org/packages/f8/bf/abbd3cdfb8fbc7fb3d4d38d320f2441b1e7cbe29be4f23797b4a2b5d8aac/pytz-2025.2.tar.gz", hash = "sha256:360b9e3dbb49a209c21ad61809c7fb453643e048b38924c765813546746e81c3", size = 320884 }
wheels = [
    { url = "https://files.pythonhosted.org/packages/81/c4/34e93fe5f5429d7570ec1fa436f1986fb1f00c3e0f43a589fe2bbcd22c3f/pytz-2025.2-py2.py3-none-any.whl", hash = "sha256:5ddf76296dd8c44c26eb8f4b6f35488f3ccbf6fbbd7adee0b7262d43f0ec2f00", size = 509225 },
]

[[package]]
name = "redis"
version = "5.2.1"
source = { registry = "https://pypi.org/simple" }
sdist = { url = "https://files.pythonhosted.org/packages/47/da/d283a37303a995cd36f8b92db85135153dc4f7a8e4441aa827721b442cfb/redis-5.2.1.tar.gz", hash = "sha256:16f2e22dff21d5125e8481515e386711a34cbec50f0e44413dd7d9c060a54e0f", size = 4608355 }
wheels = [
    { url = "https://files.pythonhosted.org/packages/3c/5f/fa26b9b2672cbe30e07d9a5bdf39cf16e3b80b42916757c5f92bca88e4ba/redis-5.2.1-py3-none-any.whl", hash = "sha256:ee7e1056b9aea0f04c6c2ed59452947f34c4940ee025f5dd83e6a6418b6989e4", size = 261502 },
]

[package.optional-dependencies]
hiredis = [
    { name = "hiredis" },
]

[[package]]
name = "sniffio"
version = "1.3.1"
source = { registry = "https://pypi.org/simple" }
sdist = { url = "https://files.pythonhosted.org/packages/a2/87/a6771e1546d97e7e041b6ae58d80074f81b7d5121207425c964ddf5cfdbd/sniffio-1.3.1.tar.gz", hash = "sha256:f4324edc670a0f49750a81b895f35c3adb843cca46f0530f79fc1babb23789dc", size = 20372 }
wheels = [
    { url = "https://files.pythonhosted.org/packages/e9/44/75a9c9421471a6c4805dbf2356f7c181a29c1879239abab1ea2cc8f38b40/sniffio-1.3.1-py3-none-any.whl", hash = "sha256:2f6da418d1f1e0fddd844478f41680e794e6051915791a034ff65e5f100525a2", size = 10235 },
]

[[package]]
name = "starlette"
version = "0.46.1"
source = { registry = "https://pypi.org/simple" }
dependencies = [
    { name = "anyio" },
]
sdist = { url = "https://files.pythonhosted.org/packages/04/1b/52b27f2e13ceedc79a908e29eac426a63465a1a01248e5f24aa36a62aeb3/starlette-0.46.1.tar.gz", hash = "sha256:3c88d58ee4bd1bb807c0d1acb381838afc7752f9ddaec81bbe4383611d833230", size = 2580102 }
wheels = [
    { url = "https://files.pythonhosted.org/packages/a0/4b/528ccf7a982216885a1ff4908e886b8fb5f19862d1962f56a3fce2435a70/starlette-0.46.1-py3-none-any.whl", hash = "sha256:77c74ed9d2720138b25875133f3a2dae6d854af2ec37dceb56aef370c1d8a227", size = 71995 },
]

[[package]]
name = "toml"
version = "0.10.2"
source = { registry = "https://pypi.org/simple" }
sdist = { url = "https://files.pythonhosted.org/packages/be/ba/1f744cdc819428fc6b5084ec34d9b30660f6f9daaf70eead706e3203ec3c/toml-0.10.2.tar.gz", hash = "sha256:b3bda1d108d5dd99f4a20d24d9c348e91c4db7ab1b749200bded2f839ccbe68f", size = 22253 }
wheels = [
    { url = "https://files.pythonhosted.org/packages/44/6f/7120676b6d73228c96e17f1f794d8ab046fc910d781c8d151120c3f1569e/toml-0.10.2-py2.py3-none-any.whl", hash = "sha256:806143ae5bfb6a3c6e736a764057db0e6a0e05e338b5630894a5f779cabb4f9b", size = 16588 },
]

[[package]]
name = "typing-extensions"
version = "4.13.0"
source = { registry = "https://pypi.org/simple" }
sdist = { url = "https://files.pythonhosted.org/packages/0e/3e/b00a62db91a83fff600de219b6ea9908e6918664899a2d85db222f4fbf19/typing_extensions-4.13.0.tar.gz", hash = "sha256:0a4ac55a5820789d87e297727d229866c9650f6521b64206413c4fbada24d95b", size = 106520 }
wheels = [
    { url = "https://files.pythonhosted.org/packages/e0/86/39b65d676ec5732de17b7e3c476e45bb80ec64eb50737a8dce1a4178aba1/typing_extensions-4.13.0-py3-none-any.whl", hash = "sha256:c8dd92cc0d6425a97c18fbb9d1954e5ff92c1ca881a309c45f06ebc0b79058e5", size = 45683 },
]

[[package]]
name = "typing-inspection"
version = "0.4.0"
source = { registry = "https://pypi.org/simple" }
dependencies = [
    { name = "typing-extensions" },
]
sdist = { url = "https://files.pythonhosted.org/packages/82/5c/e6082df02e215b846b4b8c0b887a64d7d08ffaba30605502639d44c06b82/typing_inspection-0.4.0.tar.gz", hash = "sha256:9765c87de36671694a67904bf2c96e395be9c6439bb6c87b5142569dcdd65122", size = 76222 }
wheels = [
    { url = "https://files.pythonhosted.org/packages/31/08/aa4fdfb71f7de5176385bd9e90852eaf6b5d622735020ad600f2bab54385/typing_inspection-0.4.0-py3-none-any.whl", hash = "sha256:50e72559fcd2a6367a19f7a7e610e6afcb9fac940c650290eed893d61386832f", size = 14125 },
]

[[package]]
name = "uvicorn"
version = "0.34.0"
source = { registry = "https://pypi.org/simple" }
dependencies = [
    { name = "click" },
    { name = "h11" },
]
sdist = { url = "https://files.pythonhosted.org/packages/4b/4d/938bd85e5bf2edeec766267a5015ad969730bb91e31b44021dfe8b22df6c/uvicorn-0.34.0.tar.gz", hash = "sha256:404051050cd7e905de2c9a7e61790943440b3416f49cb409f965d9dcd0fa73e9", size = 76568 }
wheels = [
    { url = "https://files.pythonhosted.org/packages/61/14/33a3a1352cfa71812a3a21e8c9bfb83f60b0011f5e36f2b1399d51928209/uvicorn-0.34.0-py3-none-any.whl", hash = "sha256:023dc038422502fa28a09c7a30bf2b6991512da7dcdb8fd35fe57cfc154126f4", size = 62315 },
]

[[package]]
name = "watchdog"
version = "6.0.0"
source = { registry = "https://pypi.org/simple" }
sdist = { url = "https://files.pythonhosted.org/packages/db/7d/7f3d619e951c88ed75c6037b246ddcf2d322812ee8ea189be89511721d54/watchdog-6.0.0.tar.gz", hash = "sha256:9ddf7c82fda3ae8e24decda1338ede66e1c99883db93711d8fb941eaa2d8c282", size = 131220 }
wheels = [
    { url = "https://files.pythonhosted.org/packages/39/ea/3930d07dafc9e286ed356a679aa02d777c06e9bfd1164fa7c19c288a5483/watchdog-6.0.0-cp312-cp312-macosx_10_13_universal2.whl", hash = "sha256:bdd4e6f14b8b18c334febb9c4425a878a2ac20efd1e0b231978e7b150f92a948", size = 96471 },
    { url = "https://files.pythonhosted.org/packages/12/87/48361531f70b1f87928b045df868a9fd4e253d9ae087fa4cf3f7113be363/watchdog-6.0.0-cp312-cp312-macosx_10_13_x86_64.whl", hash = "sha256:c7c15dda13c4eb00d6fb6fc508b3c0ed88b9d5d374056b239c4ad1611125c860", size = 88449 },
    { url = "https://files.pythonhosted.org/packages/5b/7e/8f322f5e600812e6f9a31b75d242631068ca8f4ef0582dd3ae6e72daecc8/watchdog-6.0.0-cp312-cp312-macosx_11_0_arm64.whl", hash = "sha256:6f10cb2d5902447c7d0da897e2c6768bca89174d0c6e1e30abec5421af97a5b0", size = 89054 },
    { url = "https://files.pythonhosted.org/packages/68/98/b0345cabdce2041a01293ba483333582891a3bd5769b08eceb0d406056ef/watchdog-6.0.0-cp313-cp313-macosx_10_13_universal2.whl", hash = "sha256:490ab2ef84f11129844c23fb14ecf30ef3d8a6abafd3754a6f75ca1e6654136c", size = 96480 },
    { url = "https://files.pythonhosted.org/packages/85/83/cdf13902c626b28eedef7ec4f10745c52aad8a8fe7eb04ed7b1f111ca20e/watchdog-6.0.0-cp313-cp313-macosx_10_13_x86_64.whl", hash = "sha256:76aae96b00ae814b181bb25b1b98076d5fc84e8a53cd8885a318b42b6d3a5134", size = 88451 },
    { url = "https://files.pythonhosted.org/packages/fe/c4/225c87bae08c8b9ec99030cd48ae9c4eca050a59bf5c2255853e18c87b50/watchdog-6.0.0-cp313-cp313-macosx_11_0_arm64.whl", hash = "sha256:a175f755fc2279e0b7312c0035d52e27211a5bc39719dd529625b1930917345b", size = 89057 },
    { url = "https://files.pythonhosted.org/packages/a9/c7/ca4bf3e518cb57a686b2feb4f55a1892fd9a3dd13f470fca14e00f80ea36/watchdog-6.0.0-py3-none-manylinux2014_aarch64.whl", hash = "sha256:7607498efa04a3542ae3e05e64da8202e58159aa1fa4acddf7678d34a35d4f13", size = 79079 },
    { url = "https://files.pythonhosted.org/packages/5c/51/d46dc9332f9a647593c947b4b88e2381c8dfc0942d15b8edc0310fa4abb1/watchdog-6.0.0-py3-none-manylinux2014_armv7l.whl", hash = "sha256:9041567ee8953024c83343288ccc458fd0a2d811d6a0fd68c4c22609e3490379", size = 79078 },
    { url = "https://files.pythonhosted.org/packages/d4/57/04edbf5e169cd318d5f07b4766fee38e825d64b6913ca157ca32d1a42267/watchdog-6.0.0-py3-none-manylinux2014_i686.whl", hash = "sha256:82dc3e3143c7e38ec49d61af98d6558288c415eac98486a5c581726e0737c00e", size = 79076 },
    { url = "https://files.pythonhosted.org/packages/ab/cc/da8422b300e13cb187d2203f20b9253e91058aaf7db65b74142013478e66/watchdog-6.0.0-py3-none-manylinux2014_ppc64.whl", hash = "sha256:212ac9b8bf1161dc91bd09c048048a95ca3a4c4f5e5d4a7d1b1a7d5752a7f96f", size = 79077 },
    { url = "https://files.pythonhosted.org/packages/2c/3b/b8964e04ae1a025c44ba8e4291f86e97fac443bca31de8bd98d3263d2fcf/watchdog-6.0.0-py3-none-manylinux2014_ppc64le.whl", hash = "sha256:e3df4cbb9a450c6d49318f6d14f4bbc80d763fa587ba46ec86f99f9e6876bb26", size = 79078 },
    { url = "https://files.pythonhosted.org/packages/62/ae/a696eb424bedff7407801c257d4b1afda455fe40821a2be430e173660e81/watchdog-6.0.0-py3-none-manylinux2014_s390x.whl", hash = "sha256:2cce7cfc2008eb51feb6aab51251fd79b85d9894e98ba847408f662b3395ca3c", size = 79077 },
    { url = "https://files.pythonhosted.org/packages/b5/e8/dbf020b4d98251a9860752a094d09a65e1b436ad181faf929983f697048f/watchdog-6.0.0-py3-none-manylinux2014_x86_64.whl", hash = "sha256:20ffe5b202af80ab4266dcd3e91aae72bf2da48c0d33bdb15c66658e685e94e2", size = 79078 },
    { url = "https://files.pythonhosted.org/packages/07/f6/d0e5b343768e8bcb4cda79f0f2f55051bf26177ecd5651f84c07567461cf/watchdog-6.0.0-py3-none-win32.whl", hash = "sha256:07df1fdd701c5d4c8e55ef6cf55b8f0120fe1aef7ef39a1c6fc6bc2e606d517a", size = 79065 },
    { url = "https://files.pythonhosted.org/packages/db/d9/c495884c6e548fce18a8f40568ff120bc3a4b7b99813081c8ac0c936fa64/watchdog-6.0.0-py3-none-win_amd64.whl", hash = "sha256:cbafb470cf848d93b5d013e2ecb245d4aa1c8fd0504e863ccefa32445359d680", size = 79070 },
    { url = "https://files.pythonhosted.org/packages/33/e8/e40370e6d74ddba47f002a32919d91310d6074130fe4e17dabcafc15cbf1/watchdog-6.0.0-py3-none-win_ia64.whl", hash = "sha256:a1914259fa9e1454315171103c6a30961236f508b9b623eae470268bbcc6a22f", size = 79067 },
]
